// !$*UTF8*$!
{
	archiveVersion = 1;
	classes = {
	};
	objectVersion = 55;
	objects = {

/* Begin PBXBuildFile section */
		104F86C77AC95DFF5A63511C /* Pods_RxNewsApp_RxNewsAppUITests.framework in Frameworks */ = {isa = PBXBuildFile; fileRef = 65BC529A351F9069BCEB2E07 /* Pods_RxNewsApp_RxNewsAppUITests.framework */; };
		68BE2748F9B109A2B056B3A8 /* Pods_RxNewsApp.framework in Frameworks */ = {isa = PBXBuildFile; fileRef = AAB79053101EAA1B8CF62FF5 /* Pods_RxNewsApp.framework */; };
		7E1847EB296D8E2300E83209 /* AppDelegate.swift in Sources */ = {isa = PBXBuildFile; fileRef = 7E1847EA296D8E2300E83209 /* AppDelegate.swift */; };
		7E1847F2296D8E2300E83209 /* Main.storyboard in Resources */ = {isa = PBXBuildFile; fileRef = 7E1847F0296D8E2300E83209 /* Main.storyboard */; };
		7E1847F4296D8E2400E83209 /* Assets.xcassets in Resources */ = {isa = PBXBuildFile; fileRef = 7E1847F3296D8E2400E83209 /* Assets.xcassets */; };
		7E1847F7296D8E2400E83209 /* LaunchScreen.storyboard in Resources */ = {isa = PBXBuildFile; fileRef = 7E1847F5296D8E2400E83209 /* LaunchScreen.storyboard */; };
		7E184802296D8E2400E83209 /* RxNewsAppTests.swift in Sources */ = {isa = PBXBuildFile; fileRef = 7E184801296D8E2400E83209 /* RxNewsAppTests.swift */; };
		7E18480C296D8E2400E83209 /* RxNewsAppUITests.swift in Sources */ = {isa = PBXBuildFile; fileRef = 7E18480B296D8E2400E83209 /* RxNewsAppUITests.swift */; };
		7E18480E296D8E2400E83209 /* RxNewsAppUITestsLaunchTests.swift in Sources */ = {isa = PBXBuildFile; fileRef = 7E18480D296D8E2400E83209 /* RxNewsAppUITestsLaunchTests.swift */; };
		7E18481B296D8F3B00E83209 /* NewsTableViewController.swift in Sources */ = {isa = PBXBuildFile; fileRef = 7E18481A296D8F3B00E83209 /* NewsTableViewController.swift */; };
		7E18481D296D910F00E83209 /* SceneDelegate.swift in Sources */ = {isa = PBXBuildFile; fileRef = 7E18481C296D910F00E83209 /* SceneDelegate.swift */; };
		7ECA0F8D296D9869000C36E7 /* Article.swift in Sources */ = {isa = PBXBuildFile; fileRef = 7ECA0F8C296D9869000C36E7 /* Article.swift */; };
		7ECA0F90296D9AC7000C36E7 /* ArticleTableViewCell.swift in Sources */ = {isa = PBXBuildFile; fileRef = 7ECA0F8F296D9AC7000C36E7 /* ArticleTableViewCell.swift */; };
		7ECA0F93296DA3DA000C36E7 /* URLRequest+Ex.swift in Sources */ = {isa = PBXBuildFile; fileRef = 7ECA0F92296DA3DA000C36E7 /* URLRequest+Ex.swift */; };
		8E7BE34A827DDF13A7FBD60D /* Pods_RxNewsAppTests.framework in Frameworks */ = {isa = PBXBuildFile; fileRef = 981DE9B05BB21A32983A215D /* Pods_RxNewsAppTests.framework */; };
/* End PBXBuildFile section */

/* Begin PBXContainerItemProxy section */
		7E1847FE296D8E2400E83209 /* PBXContainerItemProxy */ = {
			isa = PBXContainerItemProxy;
			containerPortal = 7E1847DF296D8E2300E83209 /* Project object */;
			proxyType = 1;
			remoteGlobalIDString = 7E1847E6296D8E2300E83209;
			remoteInfo = RxNewsApp;
		};
		7E184808296D8E2400E83209 /* PBXContainerItemProxy */ = {
			isa = PBXContainerItemProxy;
			containerPortal = 7E1847DF296D8E2300E83209 /* Project object */;
			proxyType = 1;
			remoteGlobalIDString = 7E1847E6296D8E2300E83209;
			remoteInfo = RxNewsApp;
		};
/* End PBXContainerItemProxy section */

/* Begin PBXFileReference section */
		471D925C422332295E86A87A /* Pods-RxNewsApp.release.xcconfig */ = {isa = PBXFileReference; includeInIndex = 1; lastKnownFileType = text.xcconfig; name = "Pods-RxNewsApp.release.xcconfig"; path = "Target Support Files/Pods-RxNewsApp/Pods-RxNewsApp.release.xcconfig"; sourceTree = "<group>"; };
		489026E61B0C88E8084FF4AF /* Pods-RxNewsAppTests.debug.xcconfig */ = {isa = PBXFileReference; includeInIndex = 1; lastKnownFileType = text.xcconfig; name = "Pods-RxNewsAppTests.debug.xcconfig"; path = "Target Support Files/Pods-RxNewsAppTests/Pods-RxNewsAppTests.debug.xcconfig"; sourceTree = "<group>"; };
		65BC529A351F9069BCEB2E07 /* Pods_RxNewsApp_RxNewsAppUITests.framework */ = {isa = PBXFileReference; explicitFileType = wrapper.framework; includeInIndex = 0; path = Pods_RxNewsApp_RxNewsAppUITests.framework; sourceTree = BUILT_PRODUCTS_DIR; };
		7E1847E7296D8E2300E83209 /* RxNewsApp.app */ = {isa = PBXFileReference; explicitFileType = wrapper.application; includeInIndex = 0; path = RxNewsApp.app; sourceTree = BUILT_PRODUCTS_DIR; };
		7E1847EA296D8E2300E83209 /* AppDelegate.swift */ = {isa = PBXFileReference; lastKnownFileType = sourcecode.swift; path = AppDelegate.swift; sourceTree = "<group>"; };
		7E1847F1296D8E2300E83209 /* Base */ = {isa = PBXFileReference; lastKnownFileType = file.storyboard; name = Base; path = Base.lproj/Main.storyboard; sourceTree = "<group>"; };
		7E1847F3296D8E2400E83209 /* Assets.xcassets */ = {isa = PBXFileReference; lastKnownFileType = folder.assetcatalog; path = Assets.xcassets; sourceTree = "<group>"; };
		7E1847F6296D8E2400E83209 /* Base */ = {isa = PBXFileReference; lastKnownFileType = file.storyboard; name = Base; path = Base.lproj/LaunchScreen.storyboard; sourceTree = "<group>"; };
		7E1847F8296D8E2400E83209 /* Info.plist */ = {isa = PBXFileReference; lastKnownFileType = text.plist.xml; path = Info.plist; sourceTree = "<group>"; };
		7E1847FD296D8E2400E83209 /* RxNewsAppTests.xctest */ = {isa = PBXFileReference; explicitFileType = wrapper.cfbundle; includeInIndex = 0; path = RxNewsAppTests.xctest; sourceTree = BUILT_PRODUCTS_DIR; };
		7E184801296D8E2400E83209 /* RxNewsAppTests.swift */ = {isa = PBXFileReference; lastKnownFileType = sourcecode.swift; path = RxNewsAppTests.swift; sourceTree = "<group>"; };
		7E184807296D8E2400E83209 /* RxNewsAppUITests.xctest */ = {isa = PBXFileReference; explicitFileType = wrapper.cfbundle; includeInIndex = 0; path = RxNewsAppUITests.xctest; sourceTree = BUILT_PRODUCTS_DIR; };
		7E18480B296D8E2400E83209 /* RxNewsAppUITests.swift */ = {isa = PBXFileReference; lastKnownFileType = sourcecode.swift; path = RxNewsAppUITests.swift; sourceTree = "<group>"; };
		7E18480D296D8E2400E83209 /* RxNewsAppUITestsLaunchTests.swift */ = {isa = PBXFileReference; lastKnownFileType = sourcecode.swift; path = RxNewsAppUITestsLaunchTests.swift; sourceTree = "<group>"; };
		7E18481A296D8F3B00E83209 /* NewsTableViewController.swift */ = {isa = PBXFileReference; lastKnownFileType = sourcecode.swift; path = NewsTableViewController.swift; sourceTree = "<group>"; };
		7E18481C296D910F00E83209 /* SceneDelegate.swift */ = {isa = PBXFileReference; fileEncoding = 4; lastKnownFileType = sourcecode.swift; path = SceneDelegate.swift; sourceTree = "<group>"; };
		7ECA0F8C296D9869000C36E7 /* Article.swift */ = {isa = PBXFileReference; lastKnownFileType = sourcecode.swift; path = Article.swift; sourceTree = "<group>"; };
		7ECA0F8F296D9AC7000C36E7 /* ArticleTableViewCell.swift */ = {isa = PBXFileReference; lastKnownFileType = sourcecode.swift; path = ArticleTableViewCell.swift; sourceTree = "<group>"; };
		7ECA0F92296DA3DA000C36E7 /* URLRequest+Ex.swift */ = {isa = PBXFileReference; lastKnownFileType = sourcecode.swift; path = "URLRequest+Ex.swift"; sourceTree = "<group>"; };
		981DE9B05BB21A32983A215D /* Pods_RxNewsAppTests.framework */ = {isa = PBXFileReference; explicitFileType = wrapper.framework; includeInIndex = 0; path = Pods_RxNewsAppTests.framework; sourceTree = BUILT_PRODUCTS_DIR; };
		98B775DEAC68192FB4DD9FAF /* Pods-RxNewsApp-RxNewsAppUITests.release.xcconfig */ = {isa = PBXFileReference; includeInIndex = 1; lastKnownFileType = text.xcconfig; name = "Pods-RxNewsApp-RxNewsAppUITests.release.xcconfig"; path = "Target Support Files/Pods-RxNewsApp-RxNewsAppUITests/Pods-RxNewsApp-RxNewsAppUITests.release.xcconfig"; sourceTree = "<group>"; };
		A41980A7898AA8F2BC243EEF /* Pods-RxNewsApp-RxNewsAppUITests.debug.xcconfig */ = {isa = PBXFileReference; includeInIndex = 1; lastKnownFileType = text.xcconfig; name = "Pods-RxNewsApp-RxNewsAppUITests.debug.xcconfig"; path = "Target Support Files/Pods-RxNewsApp-RxNewsAppUITests/Pods-RxNewsApp-RxNewsAppUITests.debug.xcconfig"; sourceTree = "<group>"; };
		AAB79053101EAA1B8CF62FF5 /* Pods_RxNewsApp.framework */ = {isa = PBXFileReference; explicitFileType = wrapper.framework; includeInIndex = 0; path = Pods_RxNewsApp.framework; sourceTree = BUILT_PRODUCTS_DIR; };
		DAD51B20FC8E432396F1E881 /* Pods-RxNewsApp.debug.xcconfig */ = {isa = PBXFileReference; includeInIndex = 1; lastKnownFileType = text.xcconfig; name = "Pods-RxNewsApp.debug.xcconfig"; path = "Target Support Files/Pods-RxNewsApp/Pods-RxNewsApp.debug.xcconfig"; sourceTree = "<group>"; };
		E243CCB039B9C8F76FFCD7F6 /* Pods-RxNewsAppTests.release.xcconfig */ = {isa = PBXFileReference; includeInIndex = 1; lastKnownFileType = text.xcconfig; name = "Pods-RxNewsAppTests.release.xcconfig"; path = "Target Support Files/Pods-RxNewsAppTests/Pods-RxNewsAppTests.release.xcconfig"; sourceTree = "<group>"; };
/* End PBXFileReference section */

/* Begin PBXFrameworksBuildPhase section */
		7E1847E4296D8E2300E83209 /* Frameworks */ = {
			isa = PBXFrameworksBuildPhase;
			buildActionMask = 2147483647;
			files = (
				68BE2748F9B109A2B056B3A8 /* Pods_RxNewsApp.framework in Frameworks */,
			);
			runOnlyForDeploymentPostprocessing = 0;
		};
		7E1847FA296D8E2400E83209 /* Frameworks */ = {
			isa = PBXFrameworksBuildPhase;
			buildActionMask = 2147483647;
			files = (
				8E7BE34A827DDF13A7FBD60D /* Pods_RxNewsAppTests.framework in Frameworks */,
			);
			runOnlyForDeploymentPostprocessing = 0;
		};
		7E184804296D8E2400E83209 /* Frameworks */ = {
			isa = PBXFrameworksBuildPhase;
			buildActionMask = 2147483647;
			files = (
				104F86C77AC95DFF5A63511C /* Pods_RxNewsApp_RxNewsAppUITests.framework in Frameworks */,
			);
			runOnlyForDeploymentPostprocessing = 0;
		};
/* End PBXFrameworksBuildPhase section */

/* Begin PBXGroup section */
		7E1847DE296D8E2300E83209 = {
			isa = PBXGroup;
			children = (
				7E1847E9296D8E2300E83209 /* RxNewsApp */,
				7E184800296D8E2400E83209 /* RxNewsAppTests */,
				7E18480A296D8E2400E83209 /* RxNewsAppUITests */,
				7E1847E8296D8E2300E83209 /* Products */,
				C9B362FA32B471727A572211 /* Pods */,
				F2990CF64417D51C14BA1AF5 /* Frameworks */,
			);
			sourceTree = "<group>";
		};
		7E1847E8296D8E2300E83209 /* Products */ = {
			isa = PBXGroup;
			children = (
				7E1847E7296D8E2300E83209 /* RxNewsApp.app */,
				7E1847FD296D8E2400E83209 /* RxNewsAppTests.xctest */,
				7E184807296D8E2400E83209 /* RxNewsAppUITests.xctest */,
			);
			name = Products;
			sourceTree = "<group>";
		};
		7E1847E9296D8E2300E83209 /* RxNewsApp */ = {
			isa = PBXGroup;
			children = (
				7ECA0F91296DA3C6000C36E7 /* Extensions */,
				7ECA0F8E296D9ABA000C36E7 /* Cells */,
				7ECA0F8B296D9859000C36E7 /* Models */,
				7E18481C296D910F00E83209 /* SceneDelegate.swift */,
				7E1847EA296D8E2300E83209 /* AppDelegate.swift */,
				7E1847F0296D8E2300E83209 /* Main.storyboard */,
				7E1847F3296D8E2400E83209 /* Assets.xcassets */,
				7E1847F5296D8E2400E83209 /* LaunchScreen.storyboard */,
				7E1847F8296D8E2400E83209 /* Info.plist */,
				7E18481A296D8F3B00E83209 /* NewsTableViewController.swift */,
			);
			path = RxNewsApp;
			sourceTree = "<group>";
		};
		7E184800296D8E2400E83209 /* RxNewsAppTests */ = {
			isa = PBXGroup;
			children = (
				7E184801296D8E2400E83209 /* RxNewsAppTests.swift */,
			);
			path = RxNewsAppTests;
			sourceTree = "<group>";
		};
		7E18480A296D8E2400E83209 /* RxNewsAppUITests */ = {
			isa = PBXGroup;
			children = (
				7E18480B296D8E2400E83209 /* RxNewsAppUITests.swift */,
				7E18480D296D8E2400E83209 /* RxNewsAppUITestsLaunchTests.swift */,
			);
			path = RxNewsAppUITests;
			sourceTree = "<group>";
		};
		7ECA0F8B296D9859000C36E7 /* Models */ = {
			isa = PBXGroup;
			children = (
				7ECA0F8C296D9869000C36E7 /* Article.swift */,
			);
			path = Models;
			sourceTree = "<group>";
		};
		7ECA0F8E296D9ABA000C36E7 /* Cells */ = {
			isa = PBXGroup;
			children = (
				7ECA0F8F296D9AC7000C36E7 /* ArticleTableViewCell.swift */,
			);
			path = Cells;
			sourceTree = "<group>";
		};
		7ECA0F91296DA3C6000C36E7 /* Extensions */ = {
			isa = PBXGroup;
			children = (
				7ECA0F92296DA3DA000C36E7 /* URLRequest+Ex.swift */,
			);
			path = Extensions;
			sourceTree = "<group>";
		};
		C9B362FA32B471727A572211 /* Pods */ = {
			isa = PBXGroup;
			children = (
				DAD51B20FC8E432396F1E881 /* Pods-RxNewsApp.debug.xcconfig */,
				471D925C422332295E86A87A /* Pods-RxNewsApp.release.xcconfig */,
				A41980A7898AA8F2BC243EEF /* Pods-RxNewsApp-RxNewsAppUITests.debug.xcconfig */,
				98B775DEAC68192FB4DD9FAF /* Pods-RxNewsApp-RxNewsAppUITests.release.xcconfig */,
				489026E61B0C88E8084FF4AF /* Pods-RxNewsAppTests.debug.xcconfig */,
				E243CCB039B9C8F76FFCD7F6 /* Pods-RxNewsAppTests.release.xcconfig */,
			);
			path = Pods;
			sourceTree = "<group>";
		};
		F2990CF64417D51C14BA1AF5 /* Frameworks */ = {
			isa = PBXGroup;
			children = (
				AAB79053101EAA1B8CF62FF5 /* Pods_RxNewsApp.framework */,
				65BC529A351F9069BCEB2E07 /* Pods_RxNewsApp_RxNewsAppUITests.framework */,
				981DE9B05BB21A32983A215D /* Pods_RxNewsAppTests.framework */,
			);
			name = Frameworks;
			sourceTree = "<group>";
		};
/* End PBXGroup section */

/* Begin PBXNativeTarget section */
		7E1847E6296D8E2300E83209 /* RxNewsApp */ = {
			isa = PBXNativeTarget;
			buildConfigurationList = 7E184811296D8E2400E83209 /* Build configuration list for PBXNativeTarget "RxNewsApp" */;
			buildPhases = (
				5741BBE85A01EE95279BFB2A /* [CP] Check Pods Manifest.lock */,
				7E1847E3296D8E2300E83209 /* Sources */,
				7E1847E4296D8E2300E83209 /* Frameworks */,
				7E1847E5296D8E2300E83209 /* Resources */,
				FC559E40FD188C1254D85668 /* [CP] Embed Pods Frameworks */,
			);
			buildRules = (
			);
			dependencies = (
			);
			name = RxNewsApp;
			productName = RxNewsApp;
			productReference = 7E1847E7296D8E2300E83209 /* RxNewsApp.app */;
			productType = "com.apple.product-type.application";
		};
		7E1847FC296D8E2400E83209 /* RxNewsAppTests */ = {
			isa = PBXNativeTarget;
			buildConfigurationList = 7E184814296D8E2400E83209 /* Build configuration list for PBXNativeTarget "RxNewsAppTests" */;
			buildPhases = (
				E9BEE39B637D8F11EF30C8AD /* [CP] Check Pods Manifest.lock */,
				7E1847F9296D8E2400E83209 /* Sources */,
				7E1847FA296D8E2400E83209 /* Frameworks */,
				7E1847FB296D8E2400E83209 /* Resources */,
			);
			buildRules = (
			);
			dependencies = (
				7E1847FF296D8E2400E83209 /* PBXTargetDependency */,
			);
			name = RxNewsAppTests;
			productName = RxNewsAppTests;
			productReference = 7E1847FD296D8E2400E83209 /* RxNewsAppTests.xctest */;
			productType = "com.apple.product-type.bundle.unit-test";
		};
		7E184806296D8E2400E83209 /* RxNewsAppUITests */ = {
			isa = PBXNativeTarget;
			buildConfigurationList = 7E184817296D8E2400E83209 /* Build configuration list for PBXNativeTarget "RxNewsAppUITests" */;
			buildPhases = (
				C6FCE2D0C7A3992C9CEE5A8D /* [CP] Check Pods Manifest.lock */,
				7E184803296D8E2400E83209 /* Sources */,
				7E184804296D8E2400E83209 /* Frameworks */,
				7E184805296D8E2400E83209 /* Resources */,
				6EC2B98EBA8669E5EAA68308 /* [CP] Embed Pods Frameworks */,
			);
			buildRules = (
			);
			dependencies = (
				7E184809296D8E2400E83209 /* PBXTargetDependency */,
			);
			name = RxNewsAppUITests;
			productName = RxNewsAppUITests;
			productReference = 7E184807296D8E2400E83209 /* RxNewsAppUITests.xctest */;
			productType = "com.apple.product-type.bundle.ui-testing";
		};
/* End PBXNativeTarget section */

/* Begin PBXProject section */
		7E1847DF296D8E2300E83209 /* Project object */ = {
			isa = PBXProject;
			attributes = {
				BuildIndependentTargetsInParallel = 1;
				LastSwiftUpdateCheck = 1340;
				LastUpgradeCheck = 1340;
				TargetAttributes = {
					7E1847E6296D8E2300E83209 = {
						CreatedOnToolsVersion = 13.4.1;
					};
					7E1847FC296D8E2400E83209 = {
						CreatedOnToolsVersion = 13.4.1;
						TestTargetID = 7E1847E6296D8E2300E83209;
					};
					7E184806296D8E2400E83209 = {
						CreatedOnToolsVersion = 13.4.1;
						TestTargetID = 7E1847E6296D8E2300E83209;
					};
				};
			};
			buildConfigurationList = 7E1847E2296D8E2300E83209 /* Build configuration list for PBXProject "RxNewsApp" */;
			compatibilityVersion = "Xcode 13.0";
			developmentRegion = en;
			hasScannedForEncodings = 0;
			knownRegions = (
				en,
				Base,
			);
			mainGroup = 7E1847DE296D8E2300E83209;
			productRefGroup = 7E1847E8296D8E2300E83209 /* Products */;
			projectDirPath = "";
			projectRoot = "";
			targets = (
				7E1847E6296D8E2300E83209 /* RxNewsApp */,
				7E1847FC296D8E2400E83209 /* RxNewsAppTests */,
				7E184806296D8E2400E83209 /* RxNewsAppUITests */,
			);
		};
/* End PBXProject section */

/* Begin PBXResourcesBuildPhase section */
		7E1847E5296D8E2300E83209 /* Resources */ = {
			isa = PBXResourcesBuildPhase;
			buildActionMask = 2147483647;
			files = (
				7E1847F7296D8E2400E83209 /* LaunchScreen.storyboard in Resources */,
				7E1847F4296D8E2400E83209 /* Assets.xcassets in Resources */,
				7E1847F2296D8E2300E83209 /* Main.storyboard in Resources */,
			);
			runOnlyForDeploymentPostprocessing = 0;
		};
		7E1847FB296D8E2400E83209 /* Resources */ = {
			isa = PBXResourcesBuildPhase;
			buildActionMask = 2147483647;
			files = (
			);
			runOnlyForDeploymentPostprocessing = 0;
		};
		7E184805296D8E2400E83209 /* Resources */ = {
			isa = PBXResourcesBuildPhase;
			buildActionMask = 2147483647;
			files = (
			);
			runOnlyForDeploymentPostprocessing = 0;
		};
/* End PBXResourcesBuildPhase section */

/* Begin PBXShellScriptBuildPhase section */
		5741BBE85A01EE95279BFB2A /* [CP] Check Pods Manifest.lock */ = {
			isa = PBXShellScriptBuildPhase;
			buildActionMask = 2147483647;
			files = (
			);
			inputFileListPaths = (
			);
			inputPaths = (
				"${PODS_PODFILE_DIR_PATH}/Podfile.lock",
				"${PODS_ROOT}/Manifest.lock",
			);
			name = "[CP] Check Pods Manifest.lock";
			outputFileListPaths = (
			);
			outputPaths = (
				"$(DERIVED_FILE_DIR)/Pods-RxNewsApp-checkManifestLockResult.txt",
			);
			runOnlyForDeploymentPostprocessing = 0;
			shellPath = /bin/sh;
			shellScript = "diff \"${PODS_PODFILE_DIR_PATH}/Podfile.lock\" \"${PODS_ROOT}/Manifest.lock\" > /dev/null\nif [ $? != 0 ] ; then\n    # print error to STDERR\n    echo \"error: The sandbox is not in sync with the Podfile.lock. Run 'pod install' or update your CocoaPods installation.\" >&2\n    exit 1\nfi\n# This output is used by Xcode 'outputs' to avoid re-running this script phase.\necho \"SUCCESS\" > \"${SCRIPT_OUTPUT_FILE_0}\"\n";
			showEnvVarsInLog = 0;
		};
		6EC2B98EBA8669E5EAA68308 /* [CP] Embed Pods Frameworks */ = {
			isa = PBXShellScriptBuildPhase;
			buildActionMask = 2147483647;
			files = (
			);
			inputFileListPaths = (
				"${PODS_ROOT}/Target Support Files/Pods-RxNewsApp-RxNewsAppUITests/Pods-RxNewsApp-RxNewsAppUITests-frameworks-${CONFIGURATION}-input-files.xcfilelist",
			);
			name = "[CP] Embed Pods Frameworks";
			outputFileListPaths = (
				"${PODS_ROOT}/Target Support Files/Pods-RxNewsApp-RxNewsAppUITests/Pods-RxNewsApp-RxNewsAppUITests-frameworks-${CONFIGURATION}-output-files.xcfilelist",
			);
			runOnlyForDeploymentPostprocessing = 0;
			shellPath = /bin/sh;
			shellScript = "\"${PODS_ROOT}/Target Support Files/Pods-RxNewsApp-RxNewsAppUITests/Pods-RxNewsApp-RxNewsAppUITests-frameworks.sh\"\n";
			showEnvVarsInLog = 0;
		};
		C6FCE2D0C7A3992C9CEE5A8D /* [CP] Check Pods Manifest.lock */ = {
			isa = PBXShellScriptBuildPhase;
			buildActionMask = 2147483647;
			files = (
			);
			inputFileListPaths = (
			);
			inputPaths = (
				"${PODS_PODFILE_DIR_PATH}/Podfile.lock",
				"${PODS_ROOT}/Manifest.lock",
			);
			name = "[CP] Check Pods Manifest.lock";
			outputFileListPaths = (
			);
			outputPaths = (
				"$(DERIVED_FILE_DIR)/Pods-RxNewsApp-RxNewsAppUITests-checkManifestLockResult.txt",
			);
			runOnlyForDeploymentPostprocessing = 0;
			shellPath = /bin/sh;
			shellScript = "diff \"${PODS_PODFILE_DIR_PATH}/Podfile.lock\" \"${PODS_ROOT}/Manifest.lock\" > /dev/null\nif [ $? != 0 ] ; then\n    # print error to STDERR\n    echo \"error: The sandbox is not in sync with the Podfile.lock. Run 'pod install' or update your CocoaPods installation.\" >&2\n    exit 1\nfi\n# This output is used by Xcode 'outputs' to avoid re-running this script phase.\necho \"SUCCESS\" > \"${SCRIPT_OUTPUT_FILE_0}\"\n";
			showEnvVarsInLog = 0;
		};
		E9BEE39B637D8F11EF30C8AD /* [CP] Check Pods Manifest.lock */ = {
			isa = PBXShellScriptBuildPhase;
			buildActionMask = 2147483647;
			files = (
			);
			inputFileListPaths = (
			);
			inputPaths = (
				"${PODS_PODFILE_DIR_PATH}/Podfile.lock",
				"${PODS_ROOT}/Manifest.lock",
			);
			name = "[CP] Check Pods Manifest.lock";
			outputFileListPaths = (
			);
			outputPaths = (
				"$(DERIVED_FILE_DIR)/Pods-RxNewsAppTests-checkManifestLockResult.txt",
			);
			runOnlyForDeploymentPostprocessing = 0;
			shellPath = /bin/sh;
			shellScript = "diff \"${PODS_PODFILE_DIR_PATH}/Podfile.lock\" \"${PODS_ROOT}/Manifest.lock\" > /dev/null\nif [ $? != 0 ] ; then\n    # print error to STDERR\n    echo \"error: The sandbox is not in sync with the Podfile.lock. Run 'pod install' or update your CocoaPods installation.\" >&2\n    exit 1\nfi\n# This output is used by Xcode 'outputs' to avoid re-running this script phase.\necho \"SUCCESS\" > \"${SCRIPT_OUTPUT_FILE_0}\"\n";
			showEnvVarsInLog = 0;
		};
		FC559E40FD188C1254D85668 /* [CP] Embed Pods Frameworks */ = {
			isa = PBXShellScriptBuildPhase;
			buildActionMask = 2147483647;
			files = (
			);
			inputFileListPaths = (
				"${PODS_ROOT}/Target Support Files/Pods-RxNewsApp/Pods-RxNewsApp-frameworks-${CONFIGURATION}-input-files.xcfilelist",
			);
			name = "[CP] Embed Pods Frameworks";
			outputFileListPaths = (
				"${PODS_ROOT}/Target Support Files/Pods-RxNewsApp/Pods-RxNewsApp-frameworks-${CONFIGURATION}-output-files.xcfilelist",
			);
			runOnlyForDeploymentPostprocessing = 0;
			shellPath = /bin/sh;
			shellScript = "\"${PODS_ROOT}/Target Support Files/Pods-RxNewsApp/Pods-RxNewsApp-frameworks.sh\"\n";
			showEnvVarsInLog = 0;
		};
/* End PBXShellScriptBuildPhase section */

/* Begin PBXSourcesBuildPhase section */
		7E1847E3296D8E2300E83209 /* Sources */ = {
			isa = PBXSourcesBuildPhase;
			buildActionMask = 2147483647;
			files = (
				7ECA0F90296D9AC7000C36E7 /* ArticleTableViewCell.swift in Sources */,
				7ECA0F8D296D9869000C36E7 /* Article.swift in Sources */,
				7E1847EB296D8E2300E83209 /* AppDelegate.swift in Sources */,
				7E18481B296D8F3B00E83209 /* NewsTableViewController.swift in Sources */,
				7ECA0F93296DA3DA000C36E7 /* URLRequest+Ex.swift in Sources */,
				7E18481D296D910F00E83209 /* SceneDelegate.swift in Sources */,
			);
			runOnlyForDeploymentPostprocessing = 0;
		};
		7E1847F9296D8E2400E83209 /* Sources */ = {
			isa = PBXSourcesBuildPhase;
			buildActionMask = 2147483647;
			files = (
				7E184802296D8E2400E83209 /* RxNewsAppTests.swift in Sources */,
			);
			runOnlyForDeploymentPostprocessing = 0;
		};
		7E184803296D8E2400E83209 /* Sources */ = {
			isa = PBXSourcesBuildPhase;
			buildActionMask = 2147483647;
			files = (
				7E18480C296D8E2400E83209 /* RxNewsAppUITests.swift in Sources */,
				7E18480E296D8E2400E83209 /* RxNewsAppUITestsLaunchTests.swift in Sources */,
			);
			runOnlyForDeploymentPostprocessing = 0;
		};
/* End PBXSourcesBuildPhase section */

/* Begin PBXTargetDependency section */
		7E1847FF296D8E2400E83209 /* PBXTargetDependency */ = {
			isa = PBXTargetDependency;
			target = 7E1847E6296D8E2300E83209 /* RxNewsApp */;
			targetProxy = 7E1847FE296D8E2400E83209 /* PBXContainerItemProxy */;
		};
		7E184809296D8E2400E83209 /* PBXTargetDependency */ = {
			isa = PBXTargetDependency;
			target = 7E1847E6296D8E2300E83209 /* RxNewsApp */;
			targetProxy = 7E184808296D8E2400E83209 /* PBXContainerItemProxy */;
		};
/* End PBXTargetDependency section */

/* Begin PBXVariantGroup section */
		7E1847F0296D8E2300E83209 /* Main.storyboard */ = {
			isa = PBXVariantGroup;
			children = (
				7E1847F1296D8E2300E83209 /* Base */,
			);
			name = Main.storyboard;
			sourceTree = "<group>";
		};
		7E1847F5296D8E2400E83209 /* LaunchScreen.storyboard */ = {
			isa = PBXVariantGroup;
			children = (
				7E1847F6296D8E2400E83209 /* Base */,
			);
			name = LaunchScreen.storyboard;
			sourceTree = "<group>";
		};
/* End PBXVariantGroup section */

/* Begin XCBuildConfiguration section */
		7E18480F296D8E2400E83209 /* Debug */ = {
			isa = XCBuildConfiguration;
			buildSettings = {
				ALWAYS_SEARCH_USER_PATHS = NO;
				CLANG_ANALYZER_NONNULL = YES;
				CLANG_ANALYZER_NUMBER_OBJECT_CONVERSION = YES_AGGRESSIVE;
				CLANG_CXX_LANGUAGE_STANDARD = "gnu++17";
				CLANG_ENABLE_MODULES = YES;
				CLANG_ENABLE_OBJC_ARC = YES;
				CLANG_ENABLE_OBJC_WEAK = YES;
				CLANG_WARN_BLOCK_CAPTURE_AUTORELEASING = YES;
				CLANG_WARN_BOOL_CONVERSION = YES;
				CLANG_WARN_COMMA = YES;
				CLANG_WARN_CONSTANT_CONVERSION = YES;
				CLANG_WARN_DEPRECATED_OBJC_IMPLEMENTATIONS = YES;
				CLANG_WARN_DIRECT_OBJC_ISA_USAGE = YES_ERROR;
				CLANG_WARN_DOCUMENTATION_COMMENTS = YES;
				CLANG_WARN_EMPTY_BODY = YES;
				CLANG_WARN_ENUM_CONVERSION = YES;
				CLANG_WARN_INFINITE_RECURSION = YES;
				CLANG_WARN_INT_CONVERSION = YES;
				CLANG_WARN_NON_LITERAL_NULL_CONVERSION = YES;
				CLANG_WARN_OBJC_IMPLICIT_RETAIN_SELF = YES;
				CLANG_WARN_OBJC_LITERAL_CONVERSION = YES;
				CLANG_WARN_OBJC_ROOT_CLASS = YES_ERROR;
				CLANG_WARN_QUOTED_INCLUDE_IN_FRAMEWORK_HEADER = YES;
				CLANG_WARN_RANGE_LOOP_ANALYSIS = YES;
				CLANG_WARN_STRICT_PROTOTYPES = YES;
				CLANG_WARN_SUSPICIOUS_MOVE = YES;
				CLANG_WARN_UNGUARDED_AVAILABILITY = YES_AGGRESSIVE;
				CLANG_WARN_UNREACHABLE_CODE = YES;
				CLANG_WARN__DUPLICATE_METHOD_MATCH = YES;
				COPY_PHASE_STRIP = NO;
				DEBUG_INFORMATION_FORMAT = dwarf;
				ENABLE_STRICT_OBJC_MSGSEND = YES;
				ENABLE_TESTABILITY = YES;
				GCC_C_LANGUAGE_STANDARD = gnu11;
				GCC_DYNAMIC_NO_PIC = NO;
				GCC_NO_COMMON_BLOCKS = YES;
				GCC_OPTIMIZATION_LEVEL = 0;
				GCC_PREPROCESSOR_DEFINITIONS = (
					"DEBUG=1",
					"$(inherited)",
				);
				GCC_WARN_64_TO_32_BIT_CONVERSION = YES;
				GCC_WARN_ABOUT_RETURN_TYPE = YES_ERROR;
				GCC_WARN_UNDECLARED_SELECTOR = YES;
				GCC_WARN_UNINITIALIZED_AUTOS = YES_AGGRESSIVE;
				GCC_WARN_UNUSED_FUNCTION = YES;
				GCC_WARN_UNUSED_VARIABLE = YES;
				IPHONEOS_DEPLOYMENT_TARGET = 15.5;
				MTL_ENABLE_DEBUG_INFO = INCLUDE_SOURCE;
				MTL_FAST_MATH = YES;
				ONLY_ACTIVE_ARCH = YES;
				SDKROOT = iphoneos;
				SWIFT_ACTIVE_COMPILATION_CONDITIONS = DEBUG;
				SWIFT_OPTIMIZATION_LEVEL = "-Onone";
			};
			name = Debug;
		};
		7E184810296D8E2400E83209 /* Release */ = {
			isa = XCBuildConfiguration;
			buildSettings = {
				ALWAYS_SEARCH_USER_PATHS = NO;
				CLANG_ANALYZER_NONNULL = YES;
				CLANG_ANALYZER_NUMBER_OBJECT_CONVERSION = YES_AGGRESSIVE;
				CLANG_CXX_LANGUAGE_STANDARD = "gnu++17";
				CLANG_ENABLE_MODULES = YES;
				CLANG_ENABLE_OBJC_ARC = YES;
				CLANG_ENABLE_OBJC_WEAK = YES;
				CLANG_WARN_BLOCK_CAPTURE_AUTORELEASING = YES;
				CLANG_WARN_BOOL_CONVERSION = YES;
				CLANG_WARN_COMMA = YES;
				CLANG_WARN_CONSTANT_CONVERSION = YES;
				CLANG_WARN_DEPRECATED_OBJC_IMPLEMENTATIONS = YES;
				CLANG_WARN_DIRECT_OBJC_ISA_USAGE = YES_ERROR;
				CLANG_WARN_DOCUMENTATION_COMMENTS = YES;
				CLANG_WARN_EMPTY_BODY = YES;
				CLANG_WARN_ENUM_CONVERSION = YES;
				CLANG_WARN_INFINITE_RECURSION = YES;
				CLANG_WARN_INT_CONVERSION = YES;
				CLANG_WARN_NON_LITERAL_NULL_CONVERSION = YES;
				CLANG_WARN_OBJC_IMPLICIT_RETAIN_SELF = YES;
				CLANG_WARN_OBJC_LITERAL_CONVERSION = YES;
				CLANG_WARN_OBJC_ROOT_CLASS = YES_ERROR;
				CLANG_WARN_QUOTED_INCLUDE_IN_FRAMEWORK_HEADER = YES;
				CLANG_WARN_RANGE_LOOP_ANALYSIS = YES;
				CLANG_WARN_STRICT_PROTOTYPES = YES;
				CLANG_WARN_SUSPICIOUS_MOVE = YES;
				CLANG_WARN_UNGUARDED_AVAILABILITY = YES_AGGRESSIVE;
				CLANG_WARN_UNREACHABLE_CODE = YES;
				CLANG_WARN__DUPLICATE_METHOD_MATCH = YES;
				COPY_PHASE_STRIP = NO;
				DEBUG_INFORMATION_FORMAT = "dwarf-with-dsym";
				ENABLE_NS_ASSERTIONS = NO;
				ENABLE_STRICT_OBJC_MSGSEND = YES;
				GCC_C_LANGUAGE_STANDARD = gnu11;
				GCC_NO_COMMON_BLOCKS = YES;
				GCC_WARN_64_TO_32_BIT_CONVERSION = YES;
				GCC_WARN_ABOUT_RETURN_TYPE = YES_ERROR;
				GCC_WARN_UNDECLARED_SELECTOR = YES;
				GCC_WARN_UNINITIALIZED_AUTOS = YES_AGGRESSIVE;
				GCC_WARN_UNUSED_FUNCTION = YES;
				GCC_WARN_UNUSED_VARIABLE = YES;
				IPHONEOS_DEPLOYMENT_TARGET = 15.5;
				MTL_ENABLE_DEBUG_INFO = NO;
				MTL_FAST_MATH = YES;
				SDKROOT = iphoneos;
				SWIFT_COMPILATION_MODE = wholemodule;
				SWIFT_OPTIMIZATION_LEVEL = "-O";
				VALIDATE_PRODUCT = YES;
			};
			name = Release;
		};
		7E184812296D8E2400E83209 /* Debug */ = {
			isa = XCBuildConfiguration;
			baseConfigurationReference = DAD51B20FC8E432396F1E881 /* Pods-RxNewsApp.debug.xcconfig */;
			buildSettings = {
				ASSETCATALOG_COMPILER_APPICON_NAME = AppIcon;
				ASSETCATALOG_COMPILER_GLOBAL_ACCENT_COLOR_NAME = AccentColor;
				CODE_SIGN_STYLE = Automatic;
				CURRENT_PROJECT_VERSION = 1;
				DEVELOPMENT_TEAM = 76P85BXFRK;
				GENERATE_INFOPLIST_FILE = YES;
				INFOPLIST_FILE = RxNewsApp/Info.plist;
				INFOPLIST_KEY_UIApplicationSupportsIndirectInputEvents = YES;
				INFOPLIST_KEY_UILaunchStoryboardName = LaunchScreen;
				INFOPLIST_KEY_UIMainStoryboardFile = Main;
				INFOPLIST_KEY_UISupportedInterfaceOrientations_iPad = "UIInterfaceOrientationPortrait UIInterfaceOrientationPortraitUpsideDown UIInterfaceOrientationLandscapeLeft UIInterfaceOrientationLandscapeRight";
				INFOPLIST_KEY_UISupportedInterfaceOrientations_iPhone = "UIInterfaceOrientationPortrait UIInterfaceOrientationLandscapeLeft UIInterfaceOrientationLandscapeRight";
				LD_RUNPATH_SEARCH_PATHS = (
					"$(inherited)",
					"@executable_path/Frameworks",
				);
				MARKETING_VERSION = 1.0;
				PRODUCT_BUNDLE_IDENTIFIER = com.itsalhussein.RxNewsApp;
				PRODUCT_NAME = "$(TARGET_NAME)";
				SWIFT_EMIT_LOC_STRINGS = YES;
				SWIFT_VERSION = 5.0;
				TARGETED_DEVICE_FAMILY = "1,2";
			};
			name = Debug;
		};
		7E184813296D8E2400E83209 /* Release */ = {
			isa = XCBuildConfiguration;
			baseConfigurationReference = 471D925C422332295E86A87A /* Pods-RxNewsApp.release.xcconfig */;
			buildSettings = {
				ASSETCATALOG_COMPILER_APPICON_NAME = AppIcon;
				ASSETCATALOG_COMPILER_GLOBAL_ACCENT_COLOR_NAME = AccentColor;
				CODE_SIGN_STYLE = Automatic;
				CURRENT_PROJECT_VERSION = 1;
				DEVELOPMENT_TEAM = 76P85BXFRK;
				GENERATE_INFOPLIST_FILE = YES;
				INFOPLIST_FILE = RxNewsApp/Info.plist;
				INFOPLIST_KEY_UIApplicationSupportsIndirectInputEvents = YES;
				INFOPLIST_KEY_UILaunchStoryboardName = LaunchScreen;
				INFOPLIST_KEY_UIMainStoryboardFile = Main;
				INFOPLIST_KEY_UISupportedInterfaceOrientations_iPad = "UIInterfaceOrientationPortrait UIInterfaceOrientationPortraitUpsideDown UIInterfaceOrientationLandscapeLeft UIInterfaceOrientationLandscapeRight";
				INFOPLIST_KEY_UISupportedInterfaceOrientations_iPhone = "UIInterfaceOrientationPortrait UIInterfaceOrientationLandscapeLeft UIInterfaceOrientationLandscapeRight";
				LD_RUNPATH_SEARCH_PATHS = (
					"$(inherited)",
					"@executable_path/Frameworks",
				);
				MARKETING_VERSION = 1.0;
				PRODUCT_BUNDLE_IDENTIFIER = com.itsalhussein.RxNewsApp;
				PRODUCT_NAME = "$(TARGET_NAME)";
				SWIFT_EMIT_LOC_STRINGS = YES;
				SWIFT_VERSION = 5.0;
				TARGETED_DEVICE_FAMILY = "1,2";
			};
			name = Release;
		};
		7E184815296D8E2400E83209 /* Debug */ = {
			isa = XCBuildConfiguration;
			baseConfigurationReference = 489026E61B0C88E8084FF4AF /* Pods-RxNewsAppTests.debug.xcconfig */;
			buildSettings = {
				ALWAYS_EMBED_SWIFT_STANDARD_LIBRARIES = YES;
				BUNDLE_LOADER = "$(TEST_HOST)";
				CODE_SIGN_STYLE = Automatic;
				CURRENT_PROJECT_VERSION = 1;
				DEVELOPMENT_TEAM = 76P85BXFRK;
				GENERATE_INFOPLIST_FILE = YES;
				IPHONEOS_DEPLOYMENT_TARGET = 15.5;
				MARKETING_VERSION = 1.0;
				PRODUCT_BUNDLE_IDENTIFIER = com.itsalhussein.RxNewsAppTests;
				PRODUCT_NAME = "$(TARGET_NAME)";
				SWIFT_EMIT_LOC_STRINGS = NO;
				SWIFT_VERSION = 5.0;
				TARGETED_DEVICE_FAMILY = "1,2";
				TEST_HOST = "$(BUILT_PRODUCTS_DIR)/RxNewsApp.app/RxNewsApp";
			};
			name = Debug;
		};
		7E184816296D8E2400E83209 /* Release */ = {
			isa = XCBuildConfiguration;
			baseConfigurationReference = E243CCB039B9C8F76FFCD7F6 /* Pods-RxNewsAppTests.release.xcconfig */;
			buildSettings = {
				ALWAYS_EMBED_SWIFT_STANDARD_LIBRARIES = YES;
				BUNDLE_LOADER = "$(TEST_HOST)";
				CODE_SIGN_STYLE = Automatic;
				CURRENT_PROJECT_VERSION = 1;
				DEVELOPMENT_TEAM = 76P85BXFRK;
				GENERATE_INFOPLIST_FILE = YES;
				IPHONEOS_DEPLOYMENT_TARGET = 15.5;
				MARKETING_VERSION = 1.0;
				PRODUCT_BUNDLE_IDENTIFIER = com.itsalhussein.RxNewsAppTests;
				PRODUCT_NAME = "$(TARGET_NAME)";
				SWIFT_EMIT_LOC_STRINGS = NO;
				SWIFT_VERSION = 5.0;
				TARGETED_DEVICE_FAMILY = "1,2";
				TEST_HOST = "$(BUILT_PRODUCTS_DIR)/RxNewsApp.app/RxNewsApp";
			};
			name = Release;
		};
		7E184818296D8E2400E83209 /* Debug */ = {
			isa = XCBuildConfiguration;
			baseConfigurationReference = A41980A7898AA8F2BC243EEF /* Pods-RxNewsApp-RxNewsAppUITests.debug.xcconfig */;
			buildSettings = {
				ALWAYS_EMBED_SWIFT_STANDARD_LIBRARIES = YES;
				CODE_SIGN_STYLE = Automatic;
				CURRENT_PROJECT_VERSION = 1;
				DEVELOPMENT_TEAM = 76P85BXFRK;
				GENERATE_INFOPLIST_FILE = YES;
				MARKETING_VERSION = 1.0;
				PRODUCT_BUNDLE_IDENTIFIER = com.itsalhussein.RxNewsAppUITests;
				PRODUCT_NAME = "$(TARGET_NAME)";
				SWIFT_EMIT_LOC_STRINGS = NO;
				SWIFT_VERSION = 5.0;
				TARGETED_DEVICE_FAMILY = "1,2";
				TEST_TARGET_NAME = RxNewsApp;
			};
			name = Debug;
		};
		7E184819296D8E2400E83209 /* Release */ = {
			isa = XCBuildConfiguration;
			baseConfigurationReference = 98B775DEAC68192FB4DD9FAF /* Pods-RxNewsApp-RxNewsAppUITests.release.xcconfig */;
			buildSettings = {
				ALWAYS_EMBED_SWIFT_STANDARD_LIBRARIES = YES;
				CODE_SIGN_STYLE = Automatic;
				CURRENT_PROJECT_VERSION = 1;
				DEVELOPMENT_TEAM = 76P85BXFRK;
				GENERATE_INFOPLIST_FILE = YES;
				MARKETING_VERSION = 1.0;
				PRODUCT_BUNDLE_IDENTIFIER = com.itsalhussein.RxNewsAppUITests;
				PRODUCT_NAME = "$(TARGET_NAME)";
				SWIFT_EMIT_LOC_STRINGS = NO;
				SWIFT_VERSION = 5.0;
				TARGETED_DEVICE_FAMILY = "1,2";
				TEST_TARGET_NAME = RxNewsApp;
			};
			name = Release;
		};
/* End XCBuildConfiguration section */

/* Begin XCConfigurationList section */
		7E1847E2296D8E2300E83209 /* Build configuration list for PBXProject "RxNewsApp" */ = {
			isa = XCConfigurationList;
			buildConfigurations = (
				7E18480F296D8E2400E83209 /* Debug */,
				7E184810296D8E2400E83209 /* Release */,
			);
			defaultConfigurationIsVisible = 0;
			defaultConfigurationName = Release;
		};
		7E184811296D8E2400E83209 /* Build configuration list for PBXNativeTarget "RxNewsApp" */ = {
			isa = XCConfigurationList;
			buildConfigurations = (
				7E184812296D8E2400E83209 /* Debug */,
				7E184813296D8E2400E83209 /* Release */,
			);
			defaultConfigurationIsVisible = 0;
			defaultConfigurationName = Release;
		};
		7E184814296D8E2400E83209 /* Build configuration list for PBXNativeTarget "RxNewsAppTests" */ = {
			isa = XCConfigurationList;
			buildConfigurations = (
				7E184815296D8E2400E83209 /* Debug */,
				7E184816296D8E2400E83209 /* Release */,
			);
			defaultConfigurationIsVisible = 0;
			defaultConfigurationName = Release;
		};
		7E184817296D8E2400E83209 /* Build configuration list for PBXNativeTarget "RxNewsAppUITests" */ = {
			isa = XCConfigurationList;
			buildConfigurations = (
				7E184818296D8E2400E83209 /* Debug */,
				7E184819296D8E2400E83209 /* Release */,
			);
			defaultConfigurationIsVisible = 0;
			defaultConfigurationName = Release;
		};
/* End XCConfigurationList section */
	};
	rootObject = 7E1847DF296D8E2300E83209 /* Project object */;
}
